
Microsoft Visual Studio Solution File, Format Version 11.00
# Visual Studio 2010
Project("{FAE04EC0-301F-11D3-BF4B-00C04F79EFBC}") = "Assembly-CSharp-firstpass", "Assembly-CSharp-firstpass.csproj", "{a9d5711b-5129-f909-ba1a-01fd0098aa7b}"
EndProject
Project("{FAE04EC0-301F-11D3-BF4B-00C04F79EFBC}") = "Assembly-CSharp", "Assembly-CSharp.csproj", "{4af4324c-2053-9d14-b3d2-5085cff57778}"
EndProject
Project("{FAE04EC0-301F-11D3-BF4B-00C04F79EFBC}") = "Assembly-CSharp-Editor-firstpass", "Assembly-CSharp-Editor-firstpass.csproj", "{1eafa0af-1238-119a-e034-530ec8711f17}"
EndProject
Global
	GlobalSection(SolutionConfigurationPlatforms) = preSolution
		Debug|Any CPU = Debug|Any CPU
	EndGlobalSection
	GlobalSection(ProjectConfigurationPlatforms) = postSolution
		{a9d5711b-5129-f909-ba1a-01fd0098aa7b}.Debug|Any CPU.ActiveCfg = Debug|Any CPU
		{a9d5711b-5129-f909-ba1a-01fd0098aa7b}.Debug|Any CPU.Build.0 = Debug|Any CPU
		{4af4324c-2053-9d14-b3d2-5085cff57778}.Debug|Any CPU.ActiveCfg = Debug|Any CPU
		{4af4324c-2053-9d14-b3d2-5085cff57778}.Debug|Any CPU.Build.0 = Debug|Any CPU
		{1eafa0af-1238-119a-e034-530ec8711f17}.Debug|Any CPU.ActiveCfg = Debug|Any CPU
		{1eafa0af-1238-119a-e034-530ec8711f17}.Debug|Any CPU.Build.0 = Debug|Any CPU
	EndGlobalSection
	GlobalSection(SolutionProperties) = preSolution
		HideSolutionNode = FALSE
	EndGlobalSection
EndGlobal
